
Microsoft Visual Studio Solution File, Format Version 12.00
# Visual Studio Version 16
VisualStudioVersion = 16.0.29306.81
MinimumVisualStudioVersion = 10.0.40219.1
Project("{FAE04EC0-301F-11D3-BF4B-00C04F79EFBC}") = "LibZeroTier", "LibZeroTier\LibZeroTier.csproj", "{8F7738AB-1567-4B59-AB2C-A65DE13CA2DD}"
EndProject
Global
	GlobalSection(SolutionConfigurationPlatforms) = preSolution
		Debug|Any CPU = Debug|Any CPU
		Release|Any CPU = Release|Any CPU
	EndGlobalSection
	GlobalSection(ProjectConfigurationPlatforms) = postSolution
		{8F7738AB-1567-4B59-AB2C-A65DE13CA2DD}.Debug|Any CPU.ActiveCfg = Debug|Any CPU
		{8F7738AB-1567-4B59-AB2C-A65DE13CA2DD}.Debug|Any CPU.Build.0 = Debug|Any CPU
		{8F7738AB-1567-4B59-AB2C-A65DE13CA2DD}.Release|Any CPU.ActiveCfg = Release|Any CPU
		{8F7738AB-1567-4B59-AB2C-A65DE13CA2DD}.Release|Any CPU.Build.0 = Release|Any CPU
	EndGlobalSection
	GlobalSection(SolutionProperties) = preSolution
		HideSolutionNode = FALSE
	EndGlobalSection
	GlobalSection(ExtensibilityGlobals) = postSolution
		SolutionGuid = {2DDFC5EF-4356-42D2-9CB4-4C487323AF79}
	EndGlobalSection
EndGlobal
